
Microsoft Visual Studio Solution File, Format Version 12.00
# Visual Studio Version 18
VisualStudioVersion = 18.3.11426.168
MinimumVisualStudioVersion = 10.0.40219.1
Project("{FAE04EC0-301F-11D3-BF4B-00C04F79EFBC}") = "Voxelgine", "Voxelgine\Voxelgine.csproj", "{41BC626A-D0CC-4A8E-B01E-6CF564153007}"
EndProject
Project("{FAE04EC0-301F-11D3-BF4B-00C04F79EFBC}") = "UnitTest", "UnitTest\UnitTest.csproj", "{E6873A87-6AC1-4A4B-9CD9-C9ACC3A84BA2}"
EndProject
Project("{FAE04EC0-301F-11D3-BF4B-00C04F79EFBC}") = "VoxelgineServer", "VoxelgineServer\VoxelgineServer.csproj", "{80BF7760-1968-4E3B-886E-214C17DB5BB1}"
EndProject
Project("{FAE04EC0-301F-11D3-BF4B-00C04F79EFBC}") = "VoxelgineEngine", "VoxelgineEngine\VoxelgineEngine.csproj", "{B846228B-4758-40B0-A4A3-6B59677BFA67}"
EndProject
Project("{FAE04EC0-301F-11D3-BF4B-00C04F79EFBC}") = "BenchmarkSuite1", "BenchmarkSuite1\BenchmarkSuite1.csproj", "{A20861A9-411E-6150-BF5C-69E8196E5D22}"
EndProject
Global
	GlobalSection(SolutionConfigurationPlatforms) = preSolution
		Debug|Any CPU = Debug|Any CPU
		Debug|x64 = Debug|x64
		Release|Any CPU = Release|Any CPU
		Release|x64 = Release|x64
	EndGlobalSection
	GlobalSection(ProjectConfigurationPlatforms) = postSolution
		{41BC626A-D0CC-4A8E-B01E-6CF564153007}.Debug|Any CPU.ActiveCfg = Debug|Any CPU
		{41BC626A-D0CC-4A8E-B01E-6CF564153007}.Debug|Any CPU.Build.0 = Debug|Any CPU
		{41BC626A-D0CC-4A8E-B01E-6CF564153007}.Debug|x64.ActiveCfg = Debug|Any CPU
		{41BC626A-D0CC-4A8E-B01E-6CF564153007}.Debug|x64.Build.0 = Debug|Any CPU
		{41BC626A-D0CC-4A8E-B01E-6CF564153007}.Release|Any CPU.ActiveCfg = Release|Any CPU
		{41BC626A-D0CC-4A8E-B01E-6CF564153007}.Release|Any CPU.Build.0 = Release|Any CPU
		{41BC626A-D0CC-4A8E-B01E-6CF564153007}.Release|x64.ActiveCfg = Release|Any CPU
		{41BC626A-D0CC-4A8E-B01E-6CF564153007}.Release|x64.Build.0 = Release|Any CPU
		{E6873A87-6AC1-4A4B-9CD9-C9ACC3A84BA2}.Debug|Any CPU.ActiveCfg = Debug|Any CPU
		{E6873A87-6AC1-4A4B-9CD9-C9ACC3A84BA2}.Debug|Any CPU.Build.0 = Debug|Any CPU
		{E6873A87-6AC1-4A4B-9CD9-C9ACC3A84BA2}.Debug|x64.ActiveCfg = Debug|Any CPU
		{E6873A87-6AC1-4A4B-9CD9-C9ACC3A84BA2}.Debug|x64.Build.0 = Debug|Any CPU
		{E6873A87-6AC1-4A4B-9CD9-C9ACC3A84BA2}.Release|Any CPU.ActiveCfg = Release|Any CPU
		{E6873A87-6AC1-4A4B-9CD9-C9ACC3A84BA2}.Release|Any CPU.Build.0 = Release|Any CPU
		{E6873A87-6AC1-4A4B-9CD9-C9ACC3A84BA2}.Release|x64.ActiveCfg = Release|Any CPU
		{E6873A87-6AC1-4A4B-9CD9-C9ACC3A84BA2}.Release|x64.Build.0 = Release|Any CPU
		{80BF7760-1968-4E3B-886E-214C17DB5BB1}.Debug|Any CPU.ActiveCfg = Debug|Any CPU
		{80BF7760-1968-4E3B-886E-214C17DB5BB1}.Debug|Any CPU.Build.0 = Debug|Any CPU
		{80BF7760-1968-4E3B-886E-214C17DB5BB1}.Debug|x64.ActiveCfg = Debug|Any CPU
		{80BF7760-1968-4E3B-886E-214C17DB5BB1}.Debug|x64.Build.0 = Debug|Any CPU
		{80BF7760-1968-4E3B-886E-214C17DB5BB1}.Release|Any CPU.ActiveCfg = Release|Any CPU
		{80BF7760-1968-4E3B-886E-214C17DB5BB1}.Release|Any CPU.Build.0 = Release|Any CPU
		{80BF7760-1968-4E3B-886E-214C17DB5BB1}.Release|x64.ActiveCfg = Release|Any CPU
		{80BF7760-1968-4E3B-886E-214C17DB5BB1}.Release|x64.Build.0 = Release|Any CPU
		{B846228B-4758-40B0-A4A3-6B59677BFA67}.Debug|Any CPU.ActiveCfg = Debug|Any CPU
		{B846228B-4758-40B0-A4A3-6B59677BFA67}.Debug|Any CPU.Build.0 = Debug|Any CPU
		{B846228B-4758-40B0-A4A3-6B59677BFA67}.Debug|x64.ActiveCfg = Debug|Any CPU
		{B846228B-4758-40B0-A4A3-6B59677BFA67}.Debug|x64.Build.0 = Debug|Any CPU
		{B846228B-4758-40B0-A4A3-6B59677BFA67}.Release|Any CPU.ActiveCfg = Release|Any CPU
		{B846228B-4758-40B0-A4A3-6B59677BFA67}.Release|Any CPU.Build.0 = Release|Any CPU
		{B846228B-4758-40B0-A4A3-6B59677BFA67}.Release|x64.ActiveCfg = Release|Any CPU
		{B846228B-4758-40B0-A4A3-6B59677BFA67}.Release|x64.Build.0 = Release|Any CPU
		{A20861A9-411E-6150-BF5C-69E8196E5D22}.Debug|Any CPU.ActiveCfg = Debug|Any CPU
		{A20861A9-411E-6150-BF5C-69E8196E5D22}.Debug|Any CPU.Build.0 = Debug|Any CPU
		{A20861A9-411E-6150-BF5C-69E8196E5D22}.Debug|x64.ActiveCfg = Debug|Any CPU
		{A20861A9-411E-6150-BF5C-69E8196E5D22}.Debug|x64.Build.0 = Debug|Any CPU
		{A20861A9-411E-6150-BF5C-69E8196E5D22}.Release|Any CPU.ActiveCfg = Release|Any CPU
		{A20861A9-411E-6150-BF5C-69E8196E5D22}.Release|Any CPU.Build.0 = Release|Any CPU
		{A20861A9-411E-6150-BF5C-69E8196E5D22}.Release|x64.ActiveCfg = Release|Any CPU
		{A20861A9-411E-6150-BF5C-69E8196E5D22}.Release|x64.Build.0 = Release|Any CPU
	EndGlobalSection
	GlobalSection(SolutionProperties) = preSolution
		HideSolutionNode = FALSE
	EndGlobalSection
	GlobalSection(ExtensibilityGlobals) = postSolution
		SolutionGuid = {1D648C3A-4F68-4AC9-8C45-DB37536B0F2D}
	EndGlobalSection
EndGlobal
