
Microsoft Visual Studio Solution File, Format Version 12.00
# Visual Studio Version 18
VisualStudioVersion = 18.3.11426.168
MinimumVisualStudioVersion = 10.0.40219.1
Project("{FAE04EC0-301F-11D3-BF4B-00C04F79EFBC}") = "Voxelgine", "Voxelgine\Voxelgine.csproj", "{41BC626A-D0CC-4A8E-B01E-6CF564153007}"
EndProject
Project("{FAE04EC0-301F-11D3-BF4B-00C04F79EFBC}") = "UnitTest", "UnitTest\UnitTest.csproj", "{E6873A87-6AC1-4A4B-9CD9-C9ACC3A84BA2}"
EndProject
Project("{FAE04EC0-301F-11D3-BF4B-00C04F79EFBC}") = "VoxelgineServer", "VoxelgineServer\VoxelgineServer.csproj", "{80BF7760-1968-4E3B-886E-214C17DB5BB1}"
EndProject
Project("{FAE04EC0-301F-11D3-BF4B-00C04F79EFBC}") = "VoxelgineEngine", "VoxelgineEngine\VoxelgineEngine.csproj", "{B846228B-4758-40B0-A4A3-6B59677BFA67}"
EndProject
Project("{FAE04EC0-301F-11D3-BF4B-00C04F79EFBC}") = "BenchmarkSuite1", "BenchmarkSuite1\BenchmarkSuite1.csproj", "{A20861A9-411E-6150-BF5C-69E8196E5D22}"
EndProject
Project("{2150E333-8FDC-42A3-9474-1A3956D46DE8}") = "Dependencies", "Dependencies", "{609F40C5-C560-40E6-76C7-691311A42DF0}"
EndProject
Project("{2150E333-8FDC-42A3-9474-1A3956D46DE8}") = "FishGfx", "FishGfx", "{1F6EDE90-6325-D52A-169A-EEBF719B0E3C}"
EndProject
Project("{FAE04EC0-301F-11D3-BF4B-00C04F79EFBC}") = "FishGfx", "thirdparty\FishGfx\FishGfx\FishGfx.csproj", "{59A0EDCF-E607-47B4-9E2D-C89216D2774E}"
EndProject
Project("{FAE04EC0-301F-11D3-BF4B-00C04F79EFBC}") = "FishGfx.FishUI", "thirdparty\FishGfx\FishGfx.FishUI\FishGfx.FishUI.csproj", "{C204484F-4DD8-44CB-9E40-2CAF4FAAE2D5}"
EndProject
Project("{FAE04EC0-301F-11D3-BF4B-00C04F79EFBC}") = "FishUI", "thirdparty\FishGfx\thirdparty\FishUI\FishUI\FishUI.csproj", "{2686EF73-447B-47EE-BB72-E91FD419B512}"
EndProject
Project("{2150E333-8FDC-42A3-9474-1A3956D46DE8}") = "Audio", "Audio", "{18775B93-5E18-0E21-2FB9-343F25B07478}"
EndProject
Project("{FAE04EC0-301F-11D3-BF4B-00C04F79EFBC}") = "Voxelgine.Audio", "Voxelgine.Audio\Voxelgine.Audio.csproj", "{CF686AE6-37E0-4938-A615-C1C5FC47C8B3}"
EndProject
Project("{FAE04EC0-301F-11D3-BF4B-00C04F79EFBC}") = "Voxelgine.Audio.Tests", "Voxelgine.Audio.Tests\Voxelgine.Audio.Tests.csproj", "{5D2504F8-99DB-47F8-8815-BE42B91A8D7B}"
EndProject
Project("{2150E333-8FDC-42A3-9474-1A3956D46DE8}") = "Tests", "Tests", "{46D7030E-63AB-43B4-B1FF-9044131F21AF}"
EndProject
Project("{FAE04EC0-301F-11D3-BF4B-00C04F79EFBC}") = "VoxelgineEngine.Tests", "VoxelgineEngine.Tests\VoxelgineEngine.Tests.csproj", "{027D5F0D-009A-45F9-BC3F-B468730BE77E}"
EndProject
Global
	GlobalSection(SolutionConfigurationPlatforms) = preSolution
		Debug|Any CPU = Debug|Any CPU
		Debug|x64 = Debug|x64
		Debug|x86 = Debug|x86
		Release|Any CPU = Release|Any CPU
		Release|x64 = Release|x64
		Release|x86 = Release|x86
	EndGlobalSection
	GlobalSection(ProjectConfigurationPlatforms) = postSolution
		{41BC626A-D0CC-4A8E-B01E-6CF564153007}.Debug|Any CPU.ActiveCfg = Debug|x64
		{41BC626A-D0CC-4A8E-B01E-6CF564153007}.Debug|Any CPU.Build.0 = Debug|x64
		{41BC626A-D0CC-4A8E-B01E-6CF564153007}.Debug|x64.ActiveCfg = Debug|x64
		{41BC626A-D0CC-4A8E-B01E-6CF564153007}.Debug|x64.Build.0 = Debug|x64
		{41BC626A-D0CC-4A8E-B01E-6CF564153007}.Debug|x86.ActiveCfg = Debug|x64
		{41BC626A-D0CC-4A8E-B01E-6CF564153007}.Debug|x86.Build.0 = Debug|x64
		{41BC626A-D0CC-4A8E-B01E-6CF564153007}.Release|Any CPU.ActiveCfg = Release|x64
		{41BC626A-D0CC-4A8E-B01E-6CF564153007}.Release|Any CPU.Build.0 = Release|x64
		{41BC626A-D0CC-4A8E-B01E-6CF564153007}.Release|x64.ActiveCfg = Release|x64
		{41BC626A-D0CC-4A8E-B01E-6CF564153007}.Release|x64.Build.0 = Release|x64
		{41BC626A-D0CC-4A8E-B01E-6CF564153007}.Release|x86.ActiveCfg = Release|x64
		{41BC626A-D0CC-4A8E-B01E-6CF564153007}.Release|x86.Build.0 = Release|x64
		{E6873A87-6AC1-4A4B-9CD9-C9ACC3A84BA2}.Debug|Any CPU.ActiveCfg = Debug|Any CPU
		{E6873A87-6AC1-4A4B-9CD9-C9ACC3A84BA2}.Debug|Any CPU.Build.0 = Debug|Any CPU
		{E6873A87-6AC1-4A4B-9CD9-C9ACC3A84BA2}.Debug|x64.ActiveCfg = Debug|Any CPU
		{E6873A87-6AC1-4A4B-9CD9-C9ACC3A84BA2}.Debug|x64.Build.0 = Debug|Any CPU
		{E6873A87-6AC1-4A4B-9CD9-C9ACC3A84BA2}.Debug|x86.ActiveCfg = Debug|Any CPU
		{E6873A87-6AC1-4A4B-9CD9-C9ACC3A84BA2}.Debug|x86.Build.0 = Debug|Any CPU
		{E6873A87-6AC1-4A4B-9CD9-C9ACC3A84BA2}.Release|Any CPU.ActiveCfg = Release|Any CPU
		{E6873A87-6AC1-4A4B-9CD9-C9ACC3A84BA2}.Release|Any CPU.Build.0 = Release|Any CPU
		{E6873A87-6AC1-4A4B-9CD9-C9ACC3A84BA2}.Release|x64.ActiveCfg = Release|Any CPU
		{E6873A87-6AC1-4A4B-9CD9-C9ACC3A84BA2}.Release|x64.Build.0 = Release|Any CPU
		{E6873A87-6AC1-4A4B-9CD9-C9ACC3A84BA2}.Release|x86.ActiveCfg = Release|Any CPU
		{E6873A87-6AC1-4A4B-9CD9-C9ACC3A84BA2}.Release|x86.Build.0 = Release|Any CPU
		{80BF7760-1968-4E3B-886E-214C17DB5BB1}.Debug|Any CPU.ActiveCfg = Debug|Any CPU
		{80BF7760-1968-4E3B-886E-214C17DB5BB1}.Debug|Any CPU.Build.0 = Debug|Any CPU
		{80BF7760-1968-4E3B-886E-214C17DB5BB1}.Debug|x64.ActiveCfg = Debug|Any CPU
		{80BF7760-1968-4E3B-886E-214C17DB5BB1}.Debug|x64.Build.0 = Debug|Any CPU
		{80BF7760-1968-4E3B-886E-214C17DB5BB1}.Debug|x86.ActiveCfg = Debug|Any CPU
		{80BF7760-1968-4E3B-886E-214C17DB5BB1}.Debug|x86.Build.0 = Debug|Any CPU
		{80BF7760-1968-4E3B-886E-214C17DB5BB1}.Release|Any CPU.ActiveCfg = Release|Any CPU
		{80BF7760-1968-4E3B-886E-214C17DB5BB1}.Release|Any CPU.Build.0 = Release|Any CPU
		{80BF7760-1968-4E3B-886E-214C17DB5BB1}.Release|x64.ActiveCfg = Release|Any CPU
		{80BF7760-1968-4E3B-886E-214C17DB5BB1}.Release|x64.Build.0 = Release|Any CPU
		{80BF7760-1968-4E3B-886E-214C17DB5BB1}.Release|x86.ActiveCfg = Release|Any CPU
		{80BF7760-1968-4E3B-886E-214C17DB5BB1}.Release|x86.Build.0 = Release|Any CPU
		{B846228B-4758-40B0-A4A3-6B59677BFA67}.Debug|Any CPU.ActiveCfg = Debug|Any CPU
		{B846228B-4758-40B0-A4A3-6B59677BFA67}.Debug|Any CPU.Build.0 = Debug|Any CPU
		{B846228B-4758-40B0-A4A3-6B59677BFA67}.Debug|x64.ActiveCfg = Debug|Any CPU
		{B846228B-4758-40B0-A4A3-6B59677BFA67}.Debug|x64.Build.0 = Debug|Any CPU
		{B846228B-4758-40B0-A4A3-6B59677BFA67}.Debug|x86.ActiveCfg = Debug|Any CPU
		{B846228B-4758-40B0-A4A3-6B59677BFA67}.Debug|x86.Build.0 = Debug|Any CPU
		{B846228B-4758-40B0-A4A3-6B59677BFA67}.Release|Any CPU.ActiveCfg = Release|Any CPU
		{B846228B-4758-40B0-A4A3-6B59677BFA67}.Release|Any CPU.Build.0 = Release|Any CPU
		{B846228B-4758-40B0-A4A3-6B59677BFA67}.Release|x64.ActiveCfg = Release|Any CPU
		{B846228B-4758-40B0-A4A3-6B59677BFA67}.Release|x64.Build.0 = Release|Any CPU
		{B846228B-4758-40B0-A4A3-6B59677BFA67}.Release|x86.ActiveCfg = Release|Any CPU
		{B846228B-4758-40B0-A4A3-6B59677BFA67}.Release|x86.Build.0 = Release|Any CPU
		{A20861A9-411E-6150-BF5C-69E8196E5D22}.Debug|Any CPU.ActiveCfg = Debug|Any CPU
		{A20861A9-411E-6150-BF5C-69E8196E5D22}.Debug|Any CPU.Build.0 = Debug|Any CPU
		{A20861A9-411E-6150-BF5C-69E8196E5D22}.Debug|x64.ActiveCfg = Debug|Any CPU
		{A20861A9-411E-6150-BF5C-69E8196E5D22}.Debug|x64.Build.0 = Debug|Any CPU
		{A20861A9-411E-6150-BF5C-69E8196E5D22}.Debug|x86.ActiveCfg = Debug|Any CPU
		{A20861A9-411E-6150-BF5C-69E8196E5D22}.Debug|x86.Build.0 = Debug|Any CPU
		{A20861A9-411E-6150-BF5C-69E8196E5D22}.Release|Any CPU.ActiveCfg = Release|Any CPU
		{A20861A9-411E-6150-BF5C-69E8196E5D22}.Release|Any CPU.Build.0 = Release|Any CPU
		{A20861A9-411E-6150-BF5C-69E8196E5D22}.Release|x64.ActiveCfg = Release|Any CPU
		{A20861A9-411E-6150-BF5C-69E8196E5D22}.Release|x64.Build.0 = Release|Any CPU
		{A20861A9-411E-6150-BF5C-69E8196E5D22}.Release|x86.ActiveCfg = Release|Any CPU
		{A20861A9-411E-6150-BF5C-69E8196E5D22}.Release|x86.Build.0 = Release|Any CPU
		{59A0EDCF-E607-47B4-9E2D-C89216D2774E}.Debug|Any CPU.ActiveCfg = Debug|Any CPU
		{59A0EDCF-E607-47B4-9E2D-C89216D2774E}.Debug|Any CPU.Build.0 = Debug|Any CPU
		{59A0EDCF-E607-47B4-9E2D-C89216D2774E}.Debug|x64.ActiveCfg = Debug|Any CPU
		{59A0EDCF-E607-47B4-9E2D-C89216D2774E}.Debug|x64.Build.0 = Debug|Any CPU
		{59A0EDCF-E607-47B4-9E2D-C89216D2774E}.Debug|x86.ActiveCfg = Debug|Any CPU
		{59A0EDCF-E607-47B4-9E2D-C89216D2774E}.Debug|x86.Build.0 = Debug|Any CPU
		{59A0EDCF-E607-47B4-9E2D-C89216D2774E}.Release|Any CPU.ActiveCfg = Release|Any CPU
		{59A0EDCF-E607-47B4-9E2D-C89216D2774E}.Release|Any CPU.Build.0 = Release|Any CPU
		{59A0EDCF-E607-47B4-9E2D-C89216D2774E}.Release|x64.ActiveCfg = Release|Any CPU
		{59A0EDCF-E607-47B4-9E2D-C89216D2774E}.Release|x64.Build.0 = Release|Any CPU
		{59A0EDCF-E607-47B4-9E2D-C89216D2774E}.Release|x86.ActiveCfg = Release|Any CPU
		{59A0EDCF-E607-47B4-9E2D-C89216D2774E}.Release|x86.Build.0 = Release|Any CPU
		{C204484F-4DD8-44CB-9E40-2CAF4FAAE2D5}.Debug|Any CPU.ActiveCfg = Debug|Any CPU
		{C204484F-4DD8-44CB-9E40-2CAF4FAAE2D5}.Debug|Any CPU.Build.0 = Debug|Any CPU
		{C204484F-4DD8-44CB-9E40-2CAF4FAAE2D5}.Debug|x64.ActiveCfg = Debug|Any CPU
		{C204484F-4DD8-44CB-9E40-2CAF4FAAE2D5}.Debug|x64.Build.0 = Debug|Any CPU
		{C204484F-4DD8-44CB-9E40-2CAF4FAAE2D5}.Debug|x86.ActiveCfg = Debug|Any CPU
		{C204484F-4DD8-44CB-9E40-2CAF4FAAE2D5}.Debug|x86.Build.0 = Debug|Any CPU
		{C204484F-4DD8-44CB-9E40-2CAF4FAAE2D5}.Release|Any CPU.ActiveCfg = Release|Any CPU
		{C204484F-4DD8-44CB-9E40-2CAF4FAAE2D5}.Release|Any CPU.Build.0 = Release|Any CPU
		{C204484F-4DD8-44CB-9E40-2CAF4FAAE2D5}.Release|x64.ActiveCfg = Release|Any CPU
		{C204484F-4DD8-44CB-9E40-2CAF4FAAE2D5}.Release|x64.Build.0 = Release|Any CPU
		{C204484F-4DD8-44CB-9E40-2CAF4FAAE2D5}.Release|x86.ActiveCfg = Release|Any CPU
		{C204484F-4DD8-44CB-9E40-2CAF4FAAE2D5}.Release|x86.Build.0 = Release|Any CPU
		{2686EF73-447B-47EE-BB72-E91FD419B512}.Debug|Any CPU.ActiveCfg = Debug|Any CPU
		{2686EF73-447B-47EE-BB72-E91FD419B512}.Debug|Any CPU.Build.0 = Debug|Any CPU
		{2686EF73-447B-47EE-BB72-E91FD419B512}.Debug|x64.ActiveCfg = Debug|Any CPU
		{2686EF73-447B-47EE-BB72-E91FD419B512}.Debug|x64.Build.0 = Debug|Any CPU
		{2686EF73-447B-47EE-BB72-E91FD419B512}.Debug|x86.ActiveCfg = Debug|Any CPU
		{2686EF73-447B-47EE-BB72-E91FD419B512}.Debug|x86.Build.0 = Debug|Any CPU
		{2686EF73-447B-47EE-BB72-E91FD419B512}.Release|Any CPU.ActiveCfg = Release|Any CPU
		{2686EF73-447B-47EE-BB72-E91FD419B512}.Release|Any CPU.Build.0 = Release|Any CPU
		{2686EF73-447B-47EE-BB72-E91FD419B512}.Release|x64.ActiveCfg = Release|Any CPU
		{2686EF73-447B-47EE-BB72-E91FD419B512}.Release|x64.Build.0 = Release|Any CPU
		{2686EF73-447B-47EE-BB72-E91FD419B512}.Release|x86.ActiveCfg = Release|Any CPU
		{2686EF73-447B-47EE-BB72-E91FD419B512}.Release|x86.Build.0 = Release|Any CPU
		{CF686AE6-37E0-4938-A615-C1C5FC47C8B3}.Debug|Any CPU.ActiveCfg = Debug|x64
		{CF686AE6-37E0-4938-A615-C1C5FC47C8B3}.Debug|Any CPU.Build.0 = Debug|x64
		{CF686AE6-37E0-4938-A615-C1C5FC47C8B3}.Debug|x64.ActiveCfg = Debug|x64
		{CF686AE6-37E0-4938-A615-C1C5FC47C8B3}.Debug|x64.Build.0 = Debug|x64
		{CF686AE6-37E0-4938-A615-C1C5FC47C8B3}.Debug|x86.ActiveCfg = Debug|x64
		{CF686AE6-37E0-4938-A615-C1C5FC47C8B3}.Debug|x86.Build.0 = Debug|x64
		{CF686AE6-37E0-4938-A615-C1C5FC47C8B3}.Release|Any CPU.ActiveCfg = Release|x64
		{CF686AE6-37E0-4938-A615-C1C5FC47C8B3}.Release|Any CPU.Build.0 = Release|x64
		{CF686AE6-37E0-4938-A615-C1C5FC47C8B3}.Release|x64.ActiveCfg = Release|x64
		{CF686AE6-37E0-4938-A615-C1C5FC47C8B3}.Release|x64.Build.0 = Release|x64
		{CF686AE6-37E0-4938-A615-C1C5FC47C8B3}.Release|x86.ActiveCfg = Release|x64
		{CF686AE6-37E0-4938-A615-C1C5FC47C8B3}.Release|x86.Build.0 = Release|x64
		{5D2504F8-99DB-47F8-8815-BE42B91A8D7B}.Debug|Any CPU.ActiveCfg = Debug|x64
		{5D2504F8-99DB-47F8-8815-BE42B91A8D7B}.Debug|Any CPU.Build.0 = Debug|x64
		{5D2504F8-99DB-47F8-8815-BE42B91A8D7B}.Debug|x64.ActiveCfg = Debug|x64
		{5D2504F8-99DB-47F8-8815-BE42B91A8D7B}.Debug|x64.Build.0 = Debug|x64
		{5D2504F8-99DB-47F8-8815-BE42B91A8D7B}.Debug|x86.ActiveCfg = Debug|x64
		{5D2504F8-99DB-47F8-8815-BE42B91A8D7B}.Debug|x86.Build.0 = Debug|x64
		{5D2504F8-99DB-47F8-8815-BE42B91A8D7B}.Release|Any CPU.ActiveCfg = Release|x64
		{5D2504F8-99DB-47F8-8815-BE42B91A8D7B}.Release|Any CPU.Build.0 = Release|x64
		{5D2504F8-99DB-47F8-8815-BE42B91A8D7B}.Release|x64.ActiveCfg = Release|x64
		{5D2504F8-99DB-47F8-8815-BE42B91A8D7B}.Release|x64.Build.0 = Release|x64
		{5D2504F8-99DB-47F8-8815-BE42B91A8D7B}.Release|x86.ActiveCfg = Release|x64
		{5D2504F8-99DB-47F8-8815-BE42B91A8D7B}.Release|x86.Build.0 = Release|x64
		{027D5F0D-009A-45F9-BC3F-B468730BE77E}.Debug|Any CPU.ActiveCfg = Debug|Any CPU
		{027D5F0D-009A-45F9-BC3F-B468730BE77E}.Debug|Any CPU.Build.0 = Debug|Any CPU
		{027D5F0D-009A-45F9-BC3F-B468730BE77E}.Debug|x64.ActiveCfg = Debug|Any CPU
		{027D5F0D-009A-45F9-BC3F-B468730BE77E}.Debug|x64.Build.0 = Debug|Any CPU
		{027D5F0D-009A-45F9-BC3F-B468730BE77E}.Debug|x86.ActiveCfg = Debug|Any CPU
		{027D5F0D-009A-45F9-BC3F-B468730BE77E}.Debug|x86.Build.0 = Debug|Any CPU
		{027D5F0D-009A-45F9-BC3F-B468730BE77E}.Release|Any CPU.ActiveCfg = Release|Any CPU
		{027D5F0D-009A-45F9-BC3F-B468730BE77E}.Release|Any CPU.Build.0 = Release|Any CPU
		{027D5F0D-009A-45F9-BC3F-B468730BE77E}.Release|x64.ActiveCfg = Release|Any CPU
		{027D5F0D-009A-45F9-BC3F-B468730BE77E}.Release|x64.Build.0 = Release|Any CPU
		{027D5F0D-009A-45F9-BC3F-B468730BE77E}.Release|x86.ActiveCfg = Release|Any CPU
		{027D5F0D-009A-45F9-BC3F-B468730BE77E}.Release|x86.Build.0 = Release|Any CPU
	EndGlobalSection
	GlobalSection(SolutionProperties) = preSolution
		HideSolutionNode = FALSE
	EndGlobalSection
	GlobalSection(NestedProjects) = preSolution
		{1F6EDE90-6325-D52A-169A-EEBF719B0E3C} = {609F40C5-C560-40E6-76C7-691311A42DF0}
		{59A0EDCF-E607-47B4-9E2D-C89216D2774E} = {1F6EDE90-6325-D52A-169A-EEBF719B0E3C}
		{C204484F-4DD8-44CB-9E40-2CAF4FAAE2D5} = {1F6EDE90-6325-D52A-169A-EEBF719B0E3C}
		{2686EF73-447B-47EE-BB72-E91FD419B512} = {1F6EDE90-6325-D52A-169A-EEBF719B0E3C}
		{CF686AE6-37E0-4938-A615-C1C5FC47C8B3} = {18775B93-5E18-0E21-2FB9-343F25B07478}
		{5D2504F8-99DB-47F8-8815-BE42B91A8D7B} = {18775B93-5E18-0E21-2FB9-343F25B07478}
		{027D5F0D-009A-45F9-BC3F-B468730BE77E} = {46D7030E-63AB-43B4-B1FF-9044131F21AF}
	EndGlobalSection
	GlobalSection(ExtensibilityGlobals) = postSolution
		SolutionGuid = {1D648C3A-4F68-4AC9-8C45-DB37536B0F2D}
	EndGlobalSection
EndGlobal
